
Microsoft Visual Studio Solution File, Format Version 12.00
# Visual Studio 15
VisualStudioVersion = 15.0.28307.136
MinimumVisualStudioVersion = 10.0.40219.1
Project("{FAE04EC0-301F-11D3-BF4B-00C04F79EFBC}") = "denizdikbiyik_CET322_HW5", "denizdikbiyik_CET322_HW5\denizdikbiyik_CET322_HW5.csproj", "{D0DAEF75-2F1A-4BE5-A1DA-89BF59F4A009}"
EndProject
Global
	GlobalSection(SolutionConfigurationPlatforms) = preSolution
		Debug|Any CPU = Debug|Any CPU
		Release|Any CPU = Release|Any CPU
	EndGlobalSection
	GlobalSection(ProjectConfigurationPlatforms) = postSolution
		{D0DAEF75-2F1A-4BE5-A1DA-89BF59F4A009}.Debug|Any CPU.ActiveCfg = Debug|Any CPU
		{D0DAEF75-2F1A-4BE5-A1DA-89BF59F4A009}.Debug|Any CPU.Build.0 = Debug|Any CPU
		{D0DAEF75-2F1A-4BE5-A1DA-89BF59F4A009}.Release|Any CPU.ActiveCfg = Release|Any CPU
		{D0DAEF75-2F1A-4BE5-A1DA-89BF59F4A009}.Release|Any CPU.Build.0 = Release|Any CPU
	EndGlobalSection
	GlobalSection(SolutionProperties) = preSolution
		HideSolutionNode = FALSE
	EndGlobalSection
	GlobalSection(ExtensibilityGlobals) = postSolution
		SolutionGuid = {5064537A-8068-4082-982E-9EF7C8A9CA47}
	EndGlobalSection
EndGlobal
